
Microsoft Visual Studio Solution File, Format Version 12.00
# Visual Studio Version 17
VisualStudioVersion = 17.11.35327.3
MinimumVisualStudioVersion = 10.0.40219.1
Project("{FAE04EC0-301F-11D3-BF4B-00C04F79EFBC}") = "WindowsFormsApp1", "WindowsFormsApp1.csproj", "{4791BAF5-FAD9-44AB-A3FF-1F9AEA2570F6}"
EndProject
Global
	GlobalSection(SolutionConfigurationPlatforms) = preSolution
		Debug|Any CPU = Debug|Any CPU
		Release|Any CPU = Release|Any CPU
	EndGlobalSection
	GlobalSection(ProjectConfigurationPlatforms) = postSolution
		{4791BAF5-FAD9-44AB-A3FF-1F9AEA2570F6}.Debug|Any CPU.ActiveCfg = Debug|Any CPU
		{4791BAF5-FAD9-44AB-A3FF-1F9AEA2570F6}.Debug|Any CPU.Build.0 = Debug|Any CPU
		{4791BAF5-FAD9-44AB-A3FF-1F9AEA2570F6}.Release|Any CPU.ActiveCfg = Release|Any CPU
		{4791BAF5-FAD9-44AB-A3FF-1F9AEA2570F6}.Release|Any CPU.Build.0 = Release|Any CPU
	EndGlobalSection
	GlobalSection(SolutionProperties) = preSolution
		HideSolutionNode = FALSE
	EndGlobalSection
	GlobalSection(ExtensibilityGlobals) = postSolution
		SolutionGuid = {1F9A47E9-6D35-4965-9F30-97E8B1C602F4}
	EndGlobalSection
EndGlobal
